# THIS IS AN AUTOGENERATED FILE. DO NOT EDIT THIS FILE DIRECTLY.
# yarn lockfile v1


"@qxy/prettier-config@^0.3.0":
  version "0.3.0"
  resolved "https://registry.npmmirror.com/@qxy/prettier-config/-/prettier-config-0.3.0.tgz#26bcd75fe22d4fa143baeb8388f12ef839ed81fd"
  integrity sha512-g4mvss8+tRUVkT25dEPnNAKZ3X8FZ7SZs6KdhHXpvCnzWhUtFlb/LcwUTjSn01cge1rBk4Je/G+PmLelB+xzvQ==

prettier@^2.5.1:
  version "2.5.1"
  resolved "https://registry.npmmirror.com/prettier/-/prettier-2.5.1.tgz#fff75fa9d519c54cf0fce328c1017d94546bc56a"
  integrity sha512-vBZcPRUR5MZJwoyi3ZoyQlc1rXeEck8KgeC9AwwOn+exuxLxq5toTRDTSaVrXHxelDMHy9zlicw8u66yxoSUFg==
